// !$*UTF8*$!
{
	archiveVersion = 1;
	classes = {
	};
	objectVersion = 56;
	objects = {

/* Begin PBXBuildFile section */
		DFFC5F692CDE3172009A4673 /* testApp.swift in Sources */ = {isa = PBXBuildFile; fileRef = DFFC5F682CDE3172009A4673 /* testApp.swift */; };
		DFFC5F6B2CDE3172009A4673 /* ContentView.swift in Sources */ = {isa = PBXBuildFile; fileRef = DFFC5F6A2CDE3172009A4673 /* ContentView.swift */; };
		DFFC5F6D2CDE3172009A4673 /* Item.swift in Sources */ = {isa = PBXBuildFile; fileRef = DFFC5F6C2CDE3172009A4673 /* Item.swift */; };
		DFFC5F6F2CDE3174009A4673 /* Assets.xcassets in Resources */ = {isa = PBXBuildFile; fileRef = DFFC5F6E2CDE3174009A4673 /* Assets.xcassets */; };
		DFFC5F722CDE3174009A4673 /* Preview Assets.xcassets in Resources */ = {isa = PBXBuildFile; fileRef = DFFC5F712CDE3174009A4673 /* Preview Assets.xcassets */; };
		DFFC5F7C2CDE3175009A4673 /* testTests.swift in Sources */ = {isa = PBXBuildFile; fileRef = DFFC5F7B2CDE3175009A4673 /* testTests.swift */; };
		DFFC5F862CDE3175009A4673 /* testUITests.swift in Sources */ = {isa = PBXBuildFile; fileRef = DFFC5F852CDE3175009A4673 /* testUITests.swift */; };
		DFFC5F882CDE3175009A4673 /* testUITestsLaunchTests.swift in Sources */ = {isa = PBXBuildFile; fileRef = DFFC5F872CDE3175009A4673 /* testUITestsLaunchTests.swift */; };
		DFFC5F992CDE74FC009A4673 /* MoneyInputField.swift in Sources */ = {isa = PBXBuildFile; fileRef = DFFC5F982CDE74FC009A4673 /* MoneyInputField.swift */; };
/* End PBXBuildFile section */

/* Begin PBXContainerItemProxy section */
		DFFC5F782CDE3175009A4673 /* PBXContainerItemProxy */ = {
			isa = PBXContainerItemProxy;
			containerPortal = DFFC5F5D2CDE3172009A4673 /* Project object */;
			proxyType = 1;
			remoteGlobalIDString = DFFC5F642CDE3172009A4673;
			remoteInfo = test;
		};
		DFFC5F822CDE3175009A4673 /* PBXContainerItemProxy */ = {
			isa = PBXContainerItemProxy;
			containerPortal = DFFC5F5D2CDE3172009A4673 /* Project object */;
			proxyType = 1;
			remoteGlobalIDString = DFFC5F642CDE3172009A4673;
			remoteInfo = test;
		};
/* End PBXContainerItemProxy section */

/* Begin PBXFileReference section */
		DFFC5F652CDE3172009A4673 /* test.app */ = {isa = PBXFileReference; explicitFileType = wrapper.application; includeInIndex = 0; path = test.app; sourceTree = BUILT_PRODUCTS_DIR; };
		DFFC5F682CDE3172009A4673 /* testApp.swift */ = {isa = PBXFileReference; lastKnownFileType = sourcecode.swift; path = testApp.swift; sourceTree = "<group>"; };
		DFFC5F6A2CDE3172009A4673 /* ContentView.swift */ = {isa = PBXFileReference; lastKnownFileType = sourcecode.swift; path = ContentView.swift; sourceTree = "<group>"; };
		DFFC5F6C2CDE3172009A4673 /* Item.swift */ = {isa = PBXFileReference; lastKnownFileType = sourcecode.swift; path = Item.swift; sourceTree = "<group>"; };
		DFFC5F6E2CDE3174009A4673 /* Assets.xcassets */ = {isa = PBXFileReference; lastKnownFileType = folder.assetcatalog; path = Assets.xcassets; sourceTree = "<group>"; };
		DFFC5F712CDE3174009A4673 /* Preview Assets.xcassets */ = {isa = PBXFileReference; lastKnownFileType = folder.assetcatalog; path = "Preview Assets.xcassets"; sourceTree = "<group>"; };
		DFFC5F772CDE3175009A4673 /* testTests.xctest */ = {isa = PBXFileReference; explicitFileType = wrapper.cfbundle; includeInIndex = 0; path = testTests.xctest; sourceTree = BUILT_PRODUCTS_DIR; };
		DFFC5F7B2CDE3175009A4673 /* testTests.swift */ = {isa = PBXFileReference; lastKnownFileType = sourcecode.swift; path = testTests.swift; sourceTree = "<group>"; };
		DFFC5F812CDE3175009A4673 /* testUITests.xctest */ = {isa = PBXFileReference; explicitFileType = wrapper.cfbundle; includeInIndex = 0; path = testUITests.xctest; sourceTree = BUILT_PRODUCTS_DIR; };
		DFFC5F852CDE3175009A4673 /* testUITests.swift */ = {isa = PBXFileReference; lastKnownFileType = sourcecode.swift; path = testUITests.swift; sourceTree = "<group>"; };
		DFFC5F872CDE3175009A4673 /* testUITestsLaunchTests.swift */ = {isa = PBXFileReference; lastKnownFileType = sourcecode.swift; path = testUITestsLaunchTests.swift; sourceTree = "<group>"; };
		DFFC5F982CDE74FC009A4673 /* MoneyInputField.swift */ = {isa = PBXFileReference; lastKnownFileType = sourcecode.swift; path = MoneyInputField.swift; sourceTree = "<group>"; };
/* End PBXFileReference section */

/* Begin PBXFrameworksBuildPhase section */
		DFFC5F622CDE3172009A4673 /* Frameworks */ = {
			isa = PBXFrameworksBuildPhase;
			buildActionMask = 2147483647;
			files = (
			);
			runOnlyForDeploymentPostprocessing = 0;
		};
		DFFC5F742CDE3175009A4673 /* Frameworks */ = {
			isa = PBXFrameworksBuildPhase;
			buildActionMask = 2147483647;
			files = (
			);
			runOnlyForDeploymentPostprocessing = 0;
		};
		DFFC5F7E2CDE3175009A4673 /* Frameworks */ = {
			isa = PBXFrameworksBuildPhase;
			buildActionMask = 2147483647;
			files = (
			);
			runOnlyForDeploymentPostprocessing = 0;
		};
/* End PBXFrameworksBuildPhase section */

/* Begin PBXGroup section */
		DFFC5F5C2CDE3172009A4673 = {
			isa = PBXGroup;
			children = (
				DFFC5F672CDE3172009A4673 /* test */,
				DFFC5F7A2CDE3175009A4673 /* testTests */,
				DFFC5F842CDE3175009A4673 /* testUITests */,
				DFFC5F662CDE3172009A4673 /* Products */,
			);
			sourceTree = "<group>";
		};
		DFFC5F662CDE3172009A4673 /* Products */ = {
			isa = PBXGroup;
			children = (
				DFFC5F652CDE3172009A4673 /* test.app */,
				DFFC5F772CDE3175009A4673 /* testTests.xctest */,
				DFFC5F812CDE3175009A4673 /* testUITests.xctest */,
			);
			name = Products;
			sourceTree = "<group>";
		};
		DFFC5F672CDE3172009A4673 /* test */ = {
			isa = PBXGroup;
			children = (
				DFFC5F972CDE74E7009A4673 /* Components */,
				DFFC5F682CDE3172009A4673 /* testApp.swift */,
				DFFC5F6A2CDE3172009A4673 /* ContentView.swift */,
				DFFC5F6C2CDE3172009A4673 /* Item.swift */,
				DFFC5F6E2CDE3174009A4673 /* Assets.xcassets */,
				DFFC5F702CDE3174009A4673 /* Preview Content */,
			);
			path = test;
			sourceTree = "<group>";
		};
		DFFC5F702CDE3174009A4673 /* Preview Content */ = {
			isa = PBXGroup;
			children = (
				DFFC5F712CDE3174009A4673 /* Preview Assets.xcassets */,
			);
			path = "Preview Content";
			sourceTree = "<group>";
		};
		DFFC5F7A2CDE3175009A4673 /* testTests */ = {
			isa = PBXGroup;
			children = (
				DFFC5F7B2CDE3175009A4673 /* testTests.swift */,
			);
			path = testTests;
			sourceTree = "<group>";
		};
		DFFC5F842CDE3175009A4673 /* testUITests */ = {
			isa = PBXGroup;
			children = (
				DFFC5F852CDE3175009A4673 /* testUITests.swift */,
				DFFC5F872CDE3175009A4673 /* testUITestsLaunchTests.swift */,
			);
			path = testUITests;
			sourceTree = "<group>";
		};
		DFFC5F972CDE74E7009A4673 /* Components */ = {
			isa = PBXGroup;
			children = (
				DFFC5F982CDE74FC009A4673 /* MoneyInputField.swift */,
			);
			path = Components;
			sourceTree = "<group>";
		};
/* End PBXGroup section */

/* Begin PBXNativeTarget section */
		DFFC5F642CDE3172009A4673 /* test */ = {
			isa = PBXNativeTarget;
			buildConfigurationList = DFFC5F8B2CDE3175009A4673 /* Build configuration list for PBXNativeTarget "test" */;
			buildPhases = (
				DFFC5F612CDE3172009A4673 /* Sources */,
				DFFC5F622CDE3172009A4673 /* Frameworks */,
				DFFC5F632CDE3172009A4673 /* Resources */,
			);
			buildRules = (
			);
			dependencies = (
			);
			name = test;
			productName = test;
			productReference = DFFC5F652CDE3172009A4673 /* test.app */;
			productType = "com.apple.product-type.application";
		};
		DFFC5F762CDE3175009A4673 /* testTests */ = {
			isa = PBXNativeTarget;
			buildConfigurationList = DFFC5F8E2CDE3175009A4673 /* Build configuration list for PBXNativeTarget "testTests" */;
			buildPhases = (
				DFFC5F732CDE3175009A4673 /* Sources */,
				DFFC5F742CDE3175009A4673 /* Frameworks */,
				DFFC5F752CDE3175009A4673 /* Resources */,
			);
			buildRules = (
			);
			dependencies = (
				DFFC5F792CDE3175009A4673 /* PBXTargetDependency */,
			);
			name = testTests;
			productName = testTests;
			productReference = DFFC5F772CDE3175009A4673 /* testTests.xctest */;
			productType = "com.apple.product-type.bundle.unit-test";
		};
		DFFC5F802CDE3175009A4673 /* testUITests */ = {
			isa = PBXNativeTarget;
			buildConfigurationList = DFFC5F912CDE3175009A4673 /* Build configuration list for PBXNativeTarget "testUITests" */;
			buildPhases = (
				DFFC5F7D2CDE3175009A4673 /* Sources */,
				DFFC5F7E2CDE3175009A4673 /* Frameworks */,
				DFFC5F7F2CDE3175009A4673 /* Resources */,
			);
			buildRules = (
			);
			dependencies = (
				DFFC5F832CDE3175009A4673 /* PBXTargetDependency */,
			);
			name = testUITests;
			productName = testUITests;
			productReference = DFFC5F812CDE3175009A4673 /* testUITests.xctest */;
			productType = "com.apple.product-type.bundle.ui-testing";
		};
/* End PBXNativeTarget section */

/* Begin PBXProject section */
		DFFC5F5D2CDE3172009A4673 /* Project object */ = {
			isa = PBXProject;
			attributes = {
				BuildIndependentTargetsInParallel = 1;
				LastSwiftUpdateCheck = 1540;
				LastUpgradeCheck = 1540;
				TargetAttributes = {
					DFFC5F642CDE3172009A4673 = {
						CreatedOnToolsVersion = 15.4;
					};
					DFFC5F762CDE3175009A4673 = {
						CreatedOnToolsVersion = 15.4;
						TestTargetID = DFFC5F642CDE3172009A4673;
					};
					DFFC5F802CDE3175009A4673 = {
						CreatedOnToolsVersion = 15.4;
						TestTargetID = DFFC5F642CDE3172009A4673;
					};
				};
			};
			buildConfigurationList = DFFC5F602CDE3172009A4673 /* Build configuration list for PBXProject "test" */;
			compatibilityVersion = "Xcode 14.0";
			developmentRegion = en;
			hasScannedForEncodings = 0;
			knownRegions = (
				en,
				Base,
			);
			mainGroup = DFFC5F5C2CDE3172009A4673;
			productRefGroup = DFFC5F662CDE3172009A4673 /* Products */;
			projectDirPath = "";
			projectRoot = "";
			targets = (
				DFFC5F642CDE3172009A4673 /* test */,
				DFFC5F762CDE3175009A4673 /* testTests */,
				DFFC5F802CDE3175009A4673 /* testUITests */,
			);
		};
/* End PBXProject section */

/* Begin PBXResourcesBuildPhase section */
		DFFC5F632CDE3172009A4673 /* Resources */ = {
			isa = PBXResourcesBuildPhase;
			buildActionMask = 2147483647;
			files = (
				DFFC5F722CDE3174009A4673 /* Preview Assets.xcassets in Resources */,
				DFFC5F6F2CDE3174009A4673 /* Assets.xcassets in Resources */,
			);
			runOnlyForDeploymentPostprocessing = 0;
		};
		DFFC5F752CDE3175009A4673 /* Resources */ = {
			isa = PBXResourcesBuildPhase;
			buildActionMask = 2147483647;
			files = (
			);
			runOnlyForDeploymentPostprocessing = 0;
		};
		DFFC5F7F2CDE3175009A4673 /* Resources */ = {
			isa = PBXResourcesBuildPhase;
			buildActionMask = 2147483647;
			files = (
			);
			runOnlyForDeploymentPostprocessing = 0;
		};
/* End PBXResourcesBuildPhase section */

/* Begin PBXSourcesBuildPhase section */
		DFFC5F612CDE3172009A4673 /* Sources */ = {
			isa = PBXSourcesBuildPhase;
			buildActionMask = 2147483647;
			files = (
				DFFC5F992CDE74FC009A4673 /* MoneyInputField.swift in Sources */,
				DFFC5F6B2CDE3172009A4673 /* ContentView.swift in Sources */,
				DFFC5F6D2CDE3172009A4673 /* Item.swift in Sources */,
				DFFC5F692CDE3172009A4673 /* testApp.swift in Sources */,
			);
			runOnlyForDeploymentPostprocessing = 0;
		};
		DFFC5F732CDE3175009A4673 /* Sources */ = {
			isa = PBXSourcesBuildPhase;
			buildActionMask = 2147483647;
			files = (
				DFFC5F7C2CDE3175009A4673 /* testTests.swift in Sources */,
			);
			runOnlyForDeploymentPostprocessing = 0;
		};
		DFFC5F7D2CDE3175009A4673 /* Sources */ = {
			isa = PBXSourcesBuildPhase;
			buildActionMask = 2147483647;
			files = (
				DFFC5F882CDE3175009A4673 /* testUITestsLaunchTests.swift in Sources */,
				DFFC5F862CDE3175009A4673 /* testUITests.swift in Sources */,
			);
			runOnlyForDeploymentPostprocessing = 0;
		};
/* End PBXSourcesBuildPhase section */

/* Begin PBXTargetDependency section */
		DFFC5F792CDE3175009A4673 /* PBXTargetDependency */ = {
			isa = PBXTargetDependency;
			target = DFFC5F642CDE3172009A4673 /* test */;
			targetProxy = DFFC5F782CDE3175009A4673 /* PBXContainerItemProxy */;
		};
		DFFC5F832CDE3175009A4673 /* PBXTargetDependency */ = {
			isa = PBXTargetDependency;
			target = DFFC5F642CDE3172009A4673 /* test */;
			targetProxy = DFFC5F822CDE3175009A4673 /* PBXContainerItemProxy */;
		};
/* End PBXTargetDependency section */

/* Begin XCBuildConfiguration section */
		DFFC5F892CDE3175009A4673 /* Debug */ = {
			isa = XCBuildConfiguration;
			buildSettings = {
				ALWAYS_SEARCH_USER_PATHS = NO;
				ASSETCATALOG_COMPILER_GENERATE_SWIFT_ASSET_SYMBOL_EXTENSIONS = YES;
				CLANG_ANALYZER_NONNULL = YES;
				CLANG_ANALYZER_NUMBER_OBJECT_CONVERSION = YES_AGGRESSIVE;
				CLANG_CXX_LANGUAGE_STANDARD = "gnu++20";
				CLANG_ENABLE_MODULES = YES;
				CLANG_ENABLE_OBJC_ARC = YES;
				CLANG_ENABLE_OBJC_WEAK = YES;
				CLANG_WARN_BLOCK_CAPTURE_AUTORELEASING = YES;
				CLANG_WARN_BOOL_CONVERSION = YES;
				CLANG_WARN_COMMA = YES;
				CLANG_WARN_CONSTANT_CONVERSION = YES;
				CLANG_WARN_DEPRECATED_OBJC_IMPLEMENTATIONS = YES;
				CLANG_WARN_DIRECT_OBJC_ISA_USAGE = YES_ERROR;
				CLANG_WARN_DOCUMENTATION_COMMENTS = YES;
				CLANG_WARN_EMPTY_BODY = YES;
				CLANG_WARN_ENUM_CONVERSION = YES;
				CLANG_WARN_INFINITE_RECURSION = YES;
				CLANG_WARN_INT_CONVERSION = YES;
				CLANG_WARN_NON_LITERAL_NULL_CONVERSION = YES;
				CLANG_WARN_OBJC_IMPLICIT_RETAIN_SELF = YES;
				CLANG_WARN_OBJC_LITERAL_CONVERSION = YES;
				CLANG_WARN_OBJC_ROOT_CLASS = YES_ERROR;
				CLANG_WARN_QUOTED_INCLUDE_IN_FRAMEWORK_HEADER = YES;
				CLANG_WARN_RANGE_LOOP_ANALYSIS = YES;
				CLANG_WARN_STRICT_PROTOTYPES = YES;
				CLANG_WARN_SUSPICIOUS_MOVE = YES;
				CLANG_WARN_UNGUARDED_AVAILABILITY = YES_AGGRESSIVE;
				CLANG_WARN_UNREACHABLE_CODE = YES;
				CLANG_WARN__DUPLICATE_METHOD_MATCH = YES;
				COPY_PHASE_STRIP = NO;
				DEBUG_INFORMATION_FORMAT = dwarf;
				ENABLE_STRICT_OBJC_MSGSEND = YES;
				ENABLE_TESTABILITY = YES;
				ENABLE_USER_SCRIPT_SANDBOXING = YES;
				GCC_C_LANGUAGE_STANDARD = gnu17;
				GCC_DYNAMIC_NO_PIC = NO;
				GCC_NO_COMMON_BLOCKS = YES;
				GCC_OPTIMIZATION_LEVEL = 0;
				GCC_PREPROCESSOR_DEFINITIONS = (
					"DEBUG=1",
					"$(inherited)",
				);
				GCC_WARN_64_TO_32_BIT_CONVERSION = YES;
				GCC_WARN_ABOUT_RETURN_TYPE = YES_ERROR;
				GCC_WARN_UNDECLARED_SELECTOR = YES;
				GCC_WARN_UNINITIALIZED_AUTOS = YES_AGGRESSIVE;
				GCC_WARN_UNUSED_FUNCTION = YES;
				GCC_WARN_UNUSED_VARIABLE = YES;
				IPHONEOS_DEPLOYMENT_TARGET = 17.5;
				LOCALIZATION_PREFERS_STRING_CATALOGS = YES;
				MTL_ENABLE_DEBUG_INFO = INCLUDE_SOURCE;
				MTL_FAST_MATH = YES;
				ONLY_ACTIVE_ARCH = YES;
				SDKROOT = iphoneos;
				SWIFT_ACTIVE_COMPILATION_CONDITIONS = "DEBUG $(inherited)";
				SWIFT_OPTIMIZATION_LEVEL = "-Onone";
			};
			name = Debug;
		};
		DFFC5F8A2CDE3175009A4673 /* Release */ = {
			isa = XCBuildConfiguration;
			buildSettings = {
				ALWAYS_SEARCH_USER_PATHS = NO;
				ASSETCATALOG_COMPILER_GENERATE_SWIFT_ASSET_SYMBOL_EXTENSIONS = YES;
				CLANG_ANALYZER_NONNULL = YES;
				CLANG_ANALYZER_NUMBER_OBJECT_CONVERSION = YES_AGGRESSIVE;
				CLANG_CXX_LANGUAGE_STANDARD = "gnu++20";
				CLANG_ENABLE_MODULES = YES;
				CLANG_ENABLE_OBJC_ARC = YES;
				CLANG_ENABLE_OBJC_WEAK = YES;
				CLANG_WARN_BLOCK_CAPTURE_AUTORELEASING = YES;
				CLANG_WARN_BOOL_CONVERSION = YES;
				CLANG_WARN_COMMA = YES;
				CLANG_WARN_CONSTANT_CONVERSION = YES;
				CLANG_WARN_DEPRECATED_OBJC_IMPLEMENTATIONS = YES;
				CLANG_WARN_DIRECT_OBJC_ISA_USAGE = YES_ERROR;
				CLANG_WARN_DOCUMENTATION_COMMENTS = YES;
				CLANG_WARN_EMPTY_BODY = YES;
				CLANG_WARN_ENUM_CONVERSION = YES;
				CLANG_WARN_INFINITE_RECURSION = YES;
				CLANG_WARN_INT_CONVERSION = YES;
				CLANG_WARN_NON_LITERAL_NULL_CONVERSION = YES;
				CLANG_WARN_OBJC_IMPLICIT_RETAIN_SELF = YES;
				CLANG_WARN_OBJC_LITERAL_CONVERSION = YES;
				CLANG_WARN_OBJC_ROOT_CLASS = YES_ERROR;
				CLANG_WARN_QUOTED_INCLUDE_IN_FRAMEWORK_HEADER = YES;
				CLANG_WARN_RANGE_LOOP_ANALYSIS = YES;
				CLANG_WARN_STRICT_PROTOTYPES = YES;
				CLANG_WARN_SUSPICIOUS_MOVE = YES;
				CLANG_WARN_UNGUARDED_AVAILABILITY = YES_AGGRESSIVE;
				CLANG_WARN_UNREACHABLE_CODE = YES;
				CLANG_WARN__DUPLICATE_METHOD_MATCH = YES;
				COPY_PHASE_STRIP = NO;
				DEBUG_INFORMATION_FORMAT = "dwarf-with-dsym";
				ENABLE_NS_ASSERTIONS = NO;
				ENABLE_STRICT_OBJC_MSGSEND = YES;
				ENABLE_USER_SCRIPT_SANDBOXING = YES;
				GCC_C_LANGUAGE_STANDARD = gnu17;
				GCC_NO_COMMON_BLOCKS = YES;
				GCC_WARN_64_TO_32_BIT_CONVERSION = YES;
				GCC_WARN_ABOUT_RETURN_TYPE = YES_ERROR;
				GCC_WARN_UNDECLARED_SELECTOR = YES;
				GCC_WARN_UNINITIALIZED_AUTOS = YES_AGGRESSIVE;
				GCC_WARN_UNUSED_FUNCTION = YES;
				GCC_WARN_UNUSED_VARIABLE = YES;
				IPHONEOS_DEPLOYMENT_TARGET = 17.5;
				LOCALIZATION_PREFERS_STRING_CATALOGS = YES;
				MTL_ENABLE_DEBUG_INFO = NO;
				MTL_FAST_MATH = YES;
				SDKROOT = iphoneos;
				SWIFT_COMPILATION_MODE = wholemodule;
				VALIDATE_PRODUCT = YES;
			};
			name = Release;
		};
		DFFC5F8C2CDE3175009A4673 /* Debug */ = {
			isa = XCBuildConfiguration;
			buildSettings = {
				ASSETCATALOG_COMPILER_APPICON_NAME = AppIcon;
				ASSETCATALOG_COMPILER_GLOBAL_ACCENT_COLOR_NAME = AccentColor;
				CODE_SIGN_STYLE = Automatic;
				CURRENT_PROJECT_VERSION = 1;
				DEVELOPMENT_ASSET_PATHS = "\"test/Preview Content\"";
				DEVELOPMENT_TEAM = U28G96WHKQ;
				ENABLE_PREVIEWS = YES;
				GENERATE_INFOPLIST_FILE = YES;
				INFOPLIST_KEY_UIApplicationSceneManifest_Generation = YES;
				INFOPLIST_KEY_UIApplicationSupportsIndirectInputEvents = YES;
				INFOPLIST_KEY_UILaunchScreen_Generation = YES;
				INFOPLIST_KEY_UISupportedInterfaceOrientations_iPad = "UIInterfaceOrientationPortrait UIInterfaceOrientationPortraitUpsideDown UIInterfaceOrientationLandscapeLeft UIInterfaceOrientationLandscapeRight";
				INFOPLIST_KEY_UISupportedInterfaceOrientations_iPhone = "UIInterfaceOrientationPortrait UIInterfaceOrientationLandscapeLeft UIInterfaceOrientationLandscapeRight";
				LD_RUNPATH_SEARCH_PATHS = (
					"$(inherited)",
					"@executable_path/Frameworks",
				);
				MARKETING_VERSION = 1.0;
				PRODUCT_BUNDLE_IDENTIFIER = com.joy.test;
				PRODUCT_NAME = "$(TARGET_NAME)";
				SWIFT_EMIT_LOC_STRINGS = YES;
				SWIFT_VERSION = 5.0;
				TARGETED_DEVICE_FAMILY = "1,2";
			};
			name = Debug;
		};
		DFFC5F8D2CDE3175009A4673 /* Release */ = {
			isa = XCBuildConfiguration;
			buildSettings = {
				ASSETCATALOG_COMPILER_APPICON_NAME = AppIcon;
				ASSETCATALOG_COMPILER_GLOBAL_ACCENT_COLOR_NAME = AccentColor;
				CODE_SIGN_STYLE = Automatic;
				CURRENT_PROJECT_VERSION = 1;
				DEVELOPMENT_ASSET_PATHS = "\"test/Preview Content\"";
				DEVELOPMENT_TEAM = U28G96WHKQ;
				ENABLE_PREVIEWS = YES;
				GENERATE_INFOPLIST_FILE = YES;
				INFOPLIST_KEY_UIApplicationSceneManifest_Generation = YES;
				INFOPLIST_KEY_UIApplicationSupportsIndirectInputEvents = YES;
				INFOPLIST_KEY_UILaunchScreen_Generation = YES;
				INFOPLIST_KEY_UISupportedInterfaceOrientations_iPad = "UIInterfaceOrientationPortrait UIInterfaceOrientationPortraitUpsideDown UIInterfaceOrientationLandscapeLeft UIInterfaceOrientationLandscapeRight";
				INFOPLIST_KEY_UISupportedInterfaceOrientations_iPhone = "UIInterfaceOrientationPortrait UIInterfaceOrientationLandscapeLeft UIInterfaceOrientationLandscapeRight";
				LD_RUNPATH_SEARCH_PATHS = (
					"$(inherited)",
					"@executable_path/Frameworks",
				);
				MARKETING_VERSION = 1.0;
				PRODUCT_BUNDLE_IDENTIFIER = com.joy.test;
				PRODUCT_NAME = "$(TARGET_NAME)";
				SWIFT_EMIT_LOC_STRINGS = YES;
				SWIFT_VERSION = 5.0;
				TARGETED_DEVICE_FAMILY = "1,2";
			};
			name = Release;
		};
		DFFC5F8F2CDE3175009A4673 /* Debug */ = {
			isa = XCBuildConfiguration;
			buildSettings = {
				ALWAYS_EMBED_SWIFT_STANDARD_LIBRARIES = YES;
				BUNDLE_LOADER = "$(TEST_HOST)";
				CODE_SIGN_STYLE = Automatic;
				CURRENT_PROJECT_VERSION = 1;
				DEVELOPMENT_TEAM = U28G96WHKQ;
				GENERATE_INFOPLIST_FILE = YES;
				IPHONEOS_DEPLOYMENT_TARGET = 17.5;
				MARKETING_VERSION = 1.0;
				PRODUCT_BUNDLE_IDENTIFIER = com.joy.testTests;
				PRODUCT_NAME = "$(TARGET_NAME)";
				SWIFT_EMIT_LOC_STRINGS = NO;
				SWIFT_VERSION = 5.0;
				TARGETED_DEVICE_FAMILY = "1,2";
				TEST_HOST = "$(BUILT_PRODUCTS_DIR)/test.app/$(BUNDLE_EXECUTABLE_FOLDER_PATH)/test";
			};
			name = Debug;
		};
		DFFC5F902CDE3175009A4673 /* Release */ = {
			isa = XCBuildConfiguration;
			buildSettings = {
				ALWAYS_EMBED_SWIFT_STANDARD_LIBRARIES = YES;
				BUNDLE_LOADER = "$(TEST_HOST)";
				CODE_SIGN_STYLE = Automatic;
				CURRENT_PROJECT_VERSION = 1;
				DEVELOPMENT_TEAM = U28G96WHKQ;
				GENERATE_INFOPLIST_FILE = YES;
				IPHONEOS_DEPLOYMENT_TARGET = 17.5;
				MARKETING_VERSION = 1.0;
				PRODUCT_BUNDLE_IDENTIFIER = com.joy.testTests;
				PRODUCT_NAME = "$(TARGET_NAME)";
				SWIFT_EMIT_LOC_STRINGS = NO;
				SWIFT_VERSION = 5.0;
				TARGETED_DEVICE_FAMILY = "1,2";
				TEST_HOST = "$(BUILT_PRODUCTS_DIR)/test.app/$(BUNDLE_EXECUTABLE_FOLDER_PATH)/test";
			};
			name = Release;
		};
		DFFC5F922CDE3175009A4673 /* Debug */ = {
			isa = XCBuildConfiguration;
			buildSettings = {
				ALWAYS_EMBED_SWIFT_STANDARD_LIBRARIES = YES;
				CODE_SIGN_STYLE = Automatic;
				CURRENT_PROJECT_VERSION = 1;
				DEVELOPMENT_TEAM = U28G96WHKQ;
				GENERATE_INFOPLIST_FILE = YES;
				MARKETING_VERSION = 1.0;
				PRODUCT_BUNDLE_IDENTIFIER = com.joy.testUITests;
				PRODUCT_NAME = "$(TARGET_NAME)";
				SWIFT_EMIT_LOC_STRINGS = NO;
				SWIFT_VERSION = 5.0;
				TARGETED_DEVICE_FAMILY = "1,2";
				TEST_TARGET_NAME = test;
			};
			name = Debug;
		};
		DFFC5F932CDE3175009A4673 /* Release */ = {
			isa = XCBuildConfiguration;
			buildSettings = {
				ALWAYS_EMBED_SWIFT_STANDARD_LIBRARIES = YES;
				CODE_SIGN_STYLE = Automatic;
				CURRENT_PROJECT_VERSION = 1;
				DEVELOPMENT_TEAM = U28G96WHKQ;
				GENERATE_INFOPLIST_FILE = YES;
				MARKETING_VERSION = 1.0;
				PRODUCT_BUNDLE_IDENTIFIER = com.joy.testUITests;
				PRODUCT_NAME = "$(TARGET_NAME)";
				SWIFT_EMIT_LOC_STRINGS = NO;
				SWIFT_VERSION = 5.0;
				TARGETED_DEVICE_FAMILY = "1,2";
				TEST_TARGET_NAME = test;
			};
			name = Release;
		};
/* End XCBuildConfiguration section */

/* Begin XCConfigurationList section */
		DFFC5F602CDE3172009A4673 /* Build configuration list for PBXProject "test" */ = {
			isa = XCConfigurationList;
			buildConfigurations = (
				DFFC5F892CDE3175009A4673 /* Debug */,
				DFFC5F8A2CDE3175009A4673 /* Release */,
			);
			defaultConfigurationIsVisible = 0;
			defaultConfigurationName = Release;
		};
		DFFC5F8B2CDE3175009A4673 /* Build configuration list for PBXNativeTarget "test" */ = {
			isa = XCConfigurationList;
			buildConfigurations = (
				DFFC5F8C2CDE3175009A4673 /* Debug */,
				DFFC5F8D2CDE3175009A4673 /* Release */,
			);
			defaultConfigurationIsVisible = 0;
			defaultConfigurationName = Release;
		};
		DFFC5F8E2CDE3175009A4673 /* Build configuration list for PBXNativeTarget "testTests" */ = {
			isa = XCConfigurationList;
			buildConfigurations = (
				DFFC5F8F2CDE3175009A4673 /* Debug */,
				DFFC5F902CDE3175009A4673 /* Release */,
			);
			defaultConfigurationIsVisible = 0;
			defaultConfigurationName = Release;
		};
		DFFC5F912CDE3175009A4673 /* Build configuration list for PBXNativeTarget "testUITests" */ = {
			isa = XCConfigurationList;
			buildConfigurations = (
				DFFC5F922CDE3175009A4673 /* Debug */,
				DFFC5F932CDE3175009A4673 /* Release */,
			);
			defaultConfigurationIsVisible = 0;
			defaultConfigurationName = Release;
		};
/* End XCConfigurationList section */
	};
	rootObject = DFFC5F5D2CDE3172009A4673 /* Project object */;
}
